// !$*UTF8*$!
{
	archiveVersion = 1;
	classes = {
	};
	objectVersion = 48;
	objects = {

/* Begin PBXBuildFile section */
		6A9F961A20A41F78002FA2EE /* AppDelegate.swift in Sources */ = {isa = PBXBuildFile; fileRef = 6A9F961920A41F78002FA2EE /* AppDelegate.swift */; };
		6A9F961F20A41F78002FA2EE /* Main.storyboard in Resources */ = {isa = PBXBuildFile; fileRef = 6A9F961D20A41F78002FA2EE /* Main.storyboard */; };
		6A9F962120A41F78002FA2EE /* Assets.xcassets in Resources */ = {isa = PBXBuildFile; fileRef = 6A9F962020A41F78002FA2EE /* Assets.xcassets */; };
		6A9F962420A41F78002FA2EE /* LaunchScreen.storyboard in Resources */ = {isa = PBXBuildFile; fileRef = 6A9F962220A41F78002FA2EE /* LaunchScreen.storyboard */; };
		6AF2930C20A426E2006D0E91 /* SWRevealViewController.m in Sources */ = {isa = PBXBuildFile; fileRef = 6AF2930B20A426E2006D0E91 /* SWRevealViewController.m */; };
		6AF2931120A42B17006D0E91 /* ChatVC.swift in Sources */ = {isa = PBXBuildFile; fileRef = 6AF2931020A42B17006D0E91 /* ChatVC.swift */; };
		6AF2931320A42B36006D0E91 /* ChannelVC.swift in Sources */ = {isa = PBXBuildFile; fileRef = 6AF2931220A42B36006D0E91 /* ChannelVC.swift */; };
		DB7935ECF100078EA31431C8 /* Pods_AyuAdisti.framework in Frameworks */ = {isa = PBXBuildFile; fileRef = 6537FE114665193A70E18DED /* Pods_AyuAdisti.framework */; };
/* End PBXBuildFile section */

/* Begin PBXFileReference section */
		48D9614EF45F5F3BD9AD5B3A /* Pods-AyuAdisti.release.xcconfig */ = {isa = PBXFileReference; includeInIndex = 1; lastKnownFileType = text.xcconfig; name = "Pods-AyuAdisti.release.xcconfig"; path = "Pods/Target Support Files/Pods-AyuAdisti/Pods-AyuAdisti.release.xcconfig"; sourceTree = "<group>"; };
		4B51D229036687E0DA7F5090 /* Pods-AyuAdisti.debug.xcconfig */ = {isa = PBXFileReference; includeInIndex = 1; lastKnownFileType = text.xcconfig; name = "Pods-AyuAdisti.debug.xcconfig"; path = "Pods/Target Support Files/Pods-AyuAdisti/Pods-AyuAdisti.debug.xcconfig"; sourceTree = "<group>"; };
		6537FE114665193A70E18DED /* Pods_AyuAdisti.framework */ = {isa = PBXFileReference; explicitFileType = wrapper.framework; includeInIndex = 0; path = Pods_AyuAdisti.framework; sourceTree = BUILT_PRODUCTS_DIR; };
		6A9F961620A41F78002FA2EE /* AyuAdisti.app */ = {isa = PBXFileReference; explicitFileType = wrapper.application; includeInIndex = 0; path = AyuAdisti.app; sourceTree = BUILT_PRODUCTS_DIR; };
		6A9F961920A41F78002FA2EE /* AppDelegate.swift */ = {isa = PBXFileReference; lastKnownFileType = sourcecode.swift; path = AppDelegate.swift; sourceTree = "<group>"; };
		6A9F961E20A41F78002FA2EE /* Base */ = {isa = PBXFileReference; lastKnownFileType = file.storyboard; name = Base; path = Base.lproj/Main.storyboard; sourceTree = "<group>"; };
		6A9F962020A41F78002FA2EE /* Assets.xcassets */ = {isa = PBXFileReference; lastKnownFileType = folder.assetcatalog; path = Assets.xcassets; sourceTree = "<group>"; };
		6A9F962320A41F78002FA2EE /* Base */ = {isa = PBXFileReference; lastKnownFileType = file.storyboard; name = Base; path = Base.lproj/LaunchScreen.storyboard; sourceTree = "<group>"; };
		6A9F962520A41F78002FA2EE /* Info.plist */ = {isa = PBXFileReference; lastKnownFileType = text.plist.xml; path = Info.plist; sourceTree = "<group>"; };
		6AF2930920A426E0006D0E91 /* AyuAdisti-Bridging-Header.h */ = {isa = PBXFileReference; lastKnownFileType = sourcecode.c.h; path = "AyuAdisti-Bridging-Header.h"; sourceTree = "<group>"; };
		6AF2930A20A426E2006D0E91 /* SWRevealViewController.h */ = {isa = PBXFileReference; fileEncoding = 4; lastKnownFileType = sourcecode.c.h; path = SWRevealViewController.h; sourceTree = "<group>"; };
		6AF2930B20A426E2006D0E91 /* SWRevealViewController.m */ = {isa = PBXFileReference; fileEncoding = 4; lastKnownFileType = sourcecode.c.objc; path = SWRevealViewController.m; sourceTree = "<group>"; };
		6AF2931020A42B17006D0E91 /* ChatVC.swift */ = {isa = PBXFileReference; lastKnownFileType = sourcecode.swift; path = ChatVC.swift; sourceTree = "<group>"; };
		6AF2931220A42B36006D0E91 /* ChannelVC.swift */ = {isa = PBXFileReference; lastKnownFileType = sourcecode.swift; path = ChannelVC.swift; sourceTree = "<group>"; };
/* End PBXFileReference section */

/* Begin PBXFrameworksBuildPhase section */
		6A9F961320A41F78002FA2EE /* Frameworks */ = {
			isa = PBXFrameworksBuildPhase;
			buildActionMask = 2147483647;
			files = (
				DB7935ECF100078EA31431C8 /* Pods_AyuAdisti.framework in Frameworks */,
			);
			runOnlyForDeploymentPostprocessing = 0;
		};
/* End PBXFrameworksBuildPhase section */

/* Begin PBXGroup section */
		6A9F960D20A41F78002FA2EE = {
			isa = PBXGroup;
			children = (
				6A9F961820A41F78002FA2EE /* AyuAdisti */,
				6A9F961720A41F78002FA2EE /* Products */,
				ED9D78F7804BB98BDF37C7A7 /* Pods */,
				B0F754F3C0E5EC484303AD8E /* Frameworks */,
			);
			sourceTree = "<group>";
		};
		6A9F961720A41F78002FA2EE /* Products */ = {
			isa = PBXGroup;
			children = (
				6A9F961620A41F78002FA2EE /* AyuAdisti.app */,
			);
			name = Products;
			sourceTree = "<group>";
		};
		6A9F961820A41F78002FA2EE /* AyuAdisti */ = {
			isa = PBXGroup;
			children = (
				6AF2930F20A42A44006D0E91 /* Model */,
				6AF2930E20A42A3B006D0E91 /* View */,
				6AF2930D20A42A2D006D0E91 /* Controller */,
				6AF2930820A4265D006D0E91 /* Supporting Files */,
				6A9F961920A41F78002FA2EE /* AppDelegate.swift */,
				6A9F961D20A41F78002FA2EE /* Main.storyboard */,
				6A9F962020A41F78002FA2EE /* Assets.xcassets */,
				6A9F962220A41F78002FA2EE /* LaunchScreen.storyboard */,
				6A9F962520A41F78002FA2EE /* Info.plist */,
			);
			path = AyuAdisti;
			sourceTree = "<group>";
		};
		6AF2930820A4265D006D0E91 /* Supporting Files */ = {
			isa = PBXGroup;
			children = (
				6AF2930A20A426E2006D0E91 /* SWRevealViewController.h */,
				6AF2930B20A426E2006D0E91 /* SWRevealViewController.m */,
				6AF2930920A426E0006D0E91 /* AyuAdisti-Bridging-Header.h */,
			);
			path = "Supporting Files";
			sourceTree = "<group>";
		};
		6AF2930D20A42A2D006D0E91 /* Controller */ = {
			isa = PBXGroup;
			children = (
				6AF2931020A42B17006D0E91 /* ChatVC.swift */,
				6AF2931220A42B36006D0E91 /* ChannelVC.swift */,
			);
			path = Controller;
			sourceTree = "<group>";
		};
		6AF2930E20A42A3B006D0E91 /* View */ = {
			isa = PBXGroup;
			children = (
			);
			path = View;
			sourceTree = "<group>";
		};
		6AF2930F20A42A44006D0E91 /* Model */ = {
			isa = PBXGroup;
			children = (
			);
			path = Model;
			sourceTree = "<group>";
		};
		B0F754F3C0E5EC484303AD8E /* Frameworks */ = {
			isa = PBXGroup;
			children = (
				6537FE114665193A70E18DED /* Pods_AyuAdisti.framework */,
			);
			name = Frameworks;
			sourceTree = "<group>";
		};
		ED9D78F7804BB98BDF37C7A7 /* Pods */ = {
			isa = PBXGroup;
			children = (
				4B51D229036687E0DA7F5090 /* Pods-AyuAdisti.debug.xcconfig */,
				48D9614EF45F5F3BD9AD5B3A /* Pods-AyuAdisti.release.xcconfig */,
			);
			name = Pods;
			sourceTree = "<group>";
		};
/* End PBXGroup section */

/* Begin PBXNativeTarget section */
		6A9F961520A41F78002FA2EE /* AyuAdisti */ = {
			isa = PBXNativeTarget;
			buildConfigurationList = 6A9F962820A41F78002FA2EE /* Build configuration list for PBXNativeTarget "AyuAdisti" */;
			buildPhases = (
				393F756AB5C6B6DFDB6CE17F /* [CP] Check Pods Manifest.lock */,
				6A9F961220A41F78002FA2EE /* Sources */,
				6A9F961320A41F78002FA2EE /* Frameworks */,
				6A9F961420A41F78002FA2EE /* Resources */,
				7263778D4AAD77896A24B84B /* [CP] Embed Pods Frameworks */,
				F66A067A77D09088A7E8FD31 /* [CP] Copy Pods Resources */,
			);
			buildRules = (
			);
			dependencies = (
			);
			name = AyuAdisti;
			productName = AyuAdisti;
			productReference = 6A9F961620A41F78002FA2EE /* AyuAdisti.app */;
			productType = "com.apple.product-type.application";
		};
/* End PBXNativeTarget section */

/* Begin PBXProject section */
		6A9F960E20A41F78002FA2EE /* Project object */ = {
			isa = PBXProject;
			attributes = {
				LastSwiftUpdateCheck = 0910;
				LastUpgradeCheck = 0910;
				ORGANIZATIONNAME = "Ayu Adisti";
				TargetAttributes = {
					6A9F961520A41F78002FA2EE = {
						CreatedOnToolsVersion = 9.1;
						LastSwiftMigration = 0910;
						ProvisioningStyle = Automatic;
					};
				};
			};
			buildConfigurationList = 6A9F961120A41F78002FA2EE /* Build configuration list for PBXProject "AyuAdisti" */;
			compatibilityVersion = "Xcode 8.0";
			developmentRegion = en;
			hasScannedForEncodings = 0;
			knownRegions = (
				en,
				Base,
			);
			mainGroup = 6A9F960D20A41F78002FA2EE;
			productRefGroup = 6A9F961720A41F78002FA2EE /* Products */;
			projectDirPath = "";
			projectRoot = "";
			targets = (
				6A9F961520A41F78002FA2EE /* AyuAdisti */,
			);
		};
/* End PBXProject section */

/* Begin PBXResourcesBuildPhase section */
		6A9F961420A41F78002FA2EE /* Resources */ = {
			isa = PBXResourcesBuildPhase;
			buildActionMask = 2147483647;
			files = (
				6A9F962420A41F78002FA2EE /* LaunchScreen.storyboard in Resources */,
				6A9F962120A41F78002FA2EE /* Assets.xcassets in Resources */,
				6A9F961F20A41F78002FA2EE /* Main.storyboard in Resources */,
			);
			runOnlyForDeploymentPostprocessing = 0;
		};
/* End PBXResourcesBuildPhase section */

/* Begin PBXShellScriptBuildPhase section */
		393F756AB5C6B6DFDB6CE17F /* [CP] Check Pods Manifest.lock */ = {
			isa = PBXShellScriptBuildPhase;
			buildActionMask = 2147483647;
			files = (
			);
			inputPaths = (
				"${PODS_PODFILE_DIR_PATH}/Podfile.lock",
				"${PODS_ROOT}/Manifest.lock",
			);
			name = "[CP] Check Pods Manifest.lock";
			outputPaths = (
				"$(DERIVED_FILE_DIR)/Pods-AyuAdisti-checkManifestLockResult.txt",
			);
			runOnlyForDeploymentPostprocessing = 0;
			shellPath = /bin/sh;
			shellScript = "diff \"${PODS_PODFILE_DIR_PATH}/Podfile.lock\" \"${PODS_ROOT}/Manifest.lock\" > /dev/null\nif [ $? != 0 ] ; then\n    # print error to STDERR\n    echo \"error: The sandbox is not in sync with the Podfile.lock. Run 'pod install' or update your CocoaPods installation.\" >&2\n    exit 1\nfi\n# This output is used by Xcode 'outputs' to avoid re-running this script phase.\necho \"SUCCESS\" > \"${SCRIPT_OUTPUT_FILE_0}\"\n";
			showEnvVarsInLog = 0;
		};
		7263778D4AAD77896A24B84B /* [CP] Embed Pods Frameworks */ = {
			isa = PBXShellScriptBuildPhase;
			buildActionMask = 2147483647;
			files = (
			);
			inputPaths = (
				"${SRCROOT}/Pods/Target Support Files/Pods-AyuAdisti/Pods-AyuAdisti-frameworks.sh",
				"${BUILT_PRODUCTS_DIR}/Alamofire/Alamofire.framework",
				"${BUILT_PRODUCTS_DIR}/Socket.IO-Client-Swift/SocketIO.framework",
				"${BUILT_PRODUCTS_DIR}/StarscreamSocketIO/StarscreamSocketIO.framework",
				"${BUILT_PRODUCTS_DIR}/SwiftyJSON/SwiftyJSON.framework",
			);
			name = "[CP] Embed Pods Frameworks";
			outputPaths = (
				"${TARGET_BUILD_DIR}/${FRAMEWORKS_FOLDER_PATH}/Alamofire.framework",
				"${TARGET_BUILD_DIR}/${FRAMEWORKS_FOLDER_PATH}/SocketIO.framework",
				"${TARGET_BUILD_DIR}/${FRAMEWORKS_FOLDER_PATH}/StarscreamSocketIO.framework",
				"${TARGET_BUILD_DIR}/${FRAMEWORKS_FOLDER_PATH}/SwiftyJSON.framework",
			);
			runOnlyForDeploymentPostprocessing = 0;
			shellPath = /bin/sh;
			shellScript = "\"${SRCROOT}/Pods/Target Support Files/Pods-AyuAdisti/Pods-AyuAdisti-frameworks.sh\"\n";
			showEnvVarsInLog = 0;
		};
		F66A067A77D09088A7E8FD31 /* [CP] Copy Pods Resources */ = {
			isa = PBXShellScriptBuildPhase;
			buildActionMask = 2147483647;
			files = (
			);
			inputPaths = (
			);
			name = "[CP] Copy Pods Resources";
			outputPaths = (
			);
			runOnlyForDeploymentPostprocessing = 0;
			shellPath = /bin/sh;
			shellScript = "\"${SRCROOT}/Pods/Target Support Files/Pods-AyuAdisti/Pods-AyuAdisti-resources.sh\"\n";
			showEnvVarsInLog = 0;
		};
/* End PBXShellScriptBuildPhase section */

/* Begin PBXSourcesBuildPhase section */
		6A9F961220A41F78002FA2EE /* Sources */ = {
			isa = PBXSourcesBuildPhase;
			buildActionMask = 2147483647;
			files = (
				6AF2931320A42B36006D0E91 /* ChannelVC.swift in Sources */,
				6AF2931120A42B17006D0E91 /* ChatVC.swift in Sources */,
				6A9F961A20A41F78002FA2EE /* AppDelegate.swift in Sources */,
				6AF2930C20A426E2006D0E91 /* SWRevealViewController.m in Sources */,
			);
			runOnlyForDeploymentPostprocessing = 0;
		};
/* End PBXSourcesBuildPhase section */

/* Begin PBXVariantGroup section */
		6A9F961D20A41F78002FA2EE /* Main.storyboard */ = {
			isa = PBXVariantGroup;
			children = (
				6A9F961E20A41F78002FA2EE /* Base */,
			);
			name = Main.storyboard;
			sourceTree = "<group>";
		};
		6A9F962220A41F78002FA2EE /* LaunchScreen.storyboard */ = {
			isa = PBXVariantGroup;
			children = (
				6A9F962320A41F78002FA2EE /* Base */,
			);
			name = LaunchScreen.storyboard;
			sourceTree = "<group>";
		};
/* End PBXVariantGroup section */

/* Begin XCBuildConfiguration section */
		6A9F962620A41F78002FA2EE /* Debug */ = {
			isa = XCBuildConfiguration;
			buildSettings = {
				ALWAYS_SEARCH_USER_PATHS = NO;
				CLANG_ANALYZER_NONNULL = YES;
				CLANG_ANALYZER_NUMBER_OBJECT_CONVERSION = YES_AGGRESSIVE;
				CLANG_CXX_LANGUAGE_STANDARD = "gnu++14";
				CLANG_CXX_LIBRARY = "libc++";
				CLANG_ENABLE_MODULES = YES;
				CLANG_ENABLE_OBJC_ARC = YES;
				CLANG_WARN_BLOCK_CAPTURE_AUTORELEASING = YES;
				CLANG_WARN_BOOL_CONVERSION = YES;
				CLANG_WARN_COMMA = YES;
				CLANG_WARN_CONSTANT_CONVERSION = YES;
				CLANG_WARN_DIRECT_OBJC_ISA_USAGE = YES_ERROR;
				CLANG_WARN_DOCUMENTATION_COMMENTS = YES;
				CLANG_WARN_EMPTY_BODY = YES;
				CLANG_WARN_ENUM_CONVERSION = YES;
				CLANG_WARN_INFINITE_RECURSION = YES;
				CLANG_WARN_INT_CONVERSION = YES;
				CLANG_WARN_NON_LITERAL_NULL_CONVERSION = YES;
				CLANG_WARN_OBJC_LITERAL_CONVERSION = YES;
				CLANG_WARN_OBJC_ROOT_CLASS = YES_ERROR;
				CLANG_WARN_RANGE_LOOP_ANALYSIS = YES;
				CLANG_WARN_STRICT_PROTOTYPES = YES;
				CLANG_WARN_SUSPICIOUS_MOVE = YES;
				CLANG_WARN_UNGUARDED_AVAILABILITY = YES_AGGRESSIVE;
				CLANG_WARN_UNREACHABLE_CODE = YES;
				CLANG_WARN__DUPLICATE_METHOD_MATCH = YES;
				CODE_SIGN_IDENTITY = "iPhone Developer";
				COPY_PHASE_STRIP = NO;
				DEBUG_INFORMATION_FORMAT = dwarf;
				ENABLE_STRICT_OBJC_MSGSEND = YES;
				ENABLE_TESTABILITY = YES;
				GCC_C_LANGUAGE_STANDARD = gnu11;
				GCC_DYNAMIC_NO_PIC = NO;
				GCC_NO_COMMON_BLOCKS = YES;
				GCC_OPTIMIZATION_LEVEL = 0;
				GCC_PREPROCESSOR_DEFINITIONS = (
					"DEBUG=1",
					"$(inherited)",
				);
				GCC_WARN_64_TO_32_BIT_CONVERSION = YES;
				GCC_WARN_ABOUT_RETURN_TYPE = YES_ERROR;
				GCC_WARN_UNDECLARED_SELECTOR = YES;
				GCC_WARN_UNINITIALIZED_AUTOS = YES_AGGRESSIVE;
				GCC_WARN_UNUSED_FUNCTION = YES;
				GCC_WARN_UNUSED_VARIABLE = YES;
				IPHONEOS_DEPLOYMENT_TARGET = 11.1;
				MTL_ENABLE_DEBUG_INFO = YES;
				ONLY_ACTIVE_ARCH = YES;
				SDKROOT = iphoneos;
				SWIFT_ACTIVE_COMPILATION_CONDITIONS = DEBUG;
				SWIFT_OPTIMIZATION_LEVEL = "-Onone";
			};
			name = Debug;
		};
		6A9F962720A41F78002FA2EE /* Release */ = {
			isa = XCBuildConfiguration;
			buildSettings = {
				ALWAYS_SEARCH_USER_PATHS = NO;
				CLANG_ANALYZER_NONNULL = YES;
				CLANG_ANALYZER_NUMBER_OBJECT_CONVERSION = YES_AGGRESSIVE;
				CLANG_CXX_LANGUAGE_STANDARD = "gnu++14";
				CLANG_CXX_LIBRARY = "libc++";
				CLANG_ENABLE_MODULES = YES;
				CLANG_ENABLE_OBJC_ARC = YES;
				CLANG_WARN_BLOCK_CAPTURE_AUTORELEASING = YES;
				CLANG_WARN_BOOL_CONVERSION = YES;
				CLANG_WARN_COMMA = YES;
				CLANG_WARN_CONSTANT_CONVERSION = YES;
				CLANG_WARN_DIRECT_OBJC_ISA_USAGE = YES_ERROR;
				CLANG_WARN_DOCUMENTATION_COMMENTS = YES;
				CLANG_WARN_EMPTY_BODY = YES;
				CLANG_WARN_ENUM_CONVERSION = YES;
				CLANG_WARN_INFINITE_RECURSION = YES;
				CLANG_WARN_INT_CONVERSION = YES;
				CLANG_WARN_NON_LITERAL_NULL_CONVERSION = YES;
				CLANG_WARN_OBJC_LITERAL_CONVERSION = YES;
				CLANG_WARN_OBJC_ROOT_CLASS = YES_ERROR;
				CLANG_WARN_RANGE_LOOP_ANALYSIS = YES;
				CLANG_WARN_STRICT_PROTOTYPES = YES;
				CLANG_WARN_SUSPICIOUS_MOVE = YES;
				CLANG_WARN_UNGUARDED_AVAILABILITY = YES_AGGRESSIVE;
				CLANG_WARN_UNREACHABLE_CODE = YES;
				CLANG_WARN__DUPLICATE_METHOD_MATCH = YES;
				CODE_SIGN_IDENTITY = "iPhone Developer";
				COPY_PHASE_STRIP = NO;
				DEBUG_INFORMATION_FORMAT = "dwarf-with-dsym";
				ENABLE_NS_ASSERTIONS = NO;
				ENABLE_STRICT_OBJC_MSGSEND = YES;
				GCC_C_LANGUAGE_STANDARD = gnu11;
				GCC_NO_COMMON_BLOCKS = YES;
				GCC_WARN_64_TO_32_BIT_CONVERSION = YES;
				GCC_WARN_ABOUT_RETURN_TYPE = YES_ERROR;
				GCC_WARN_UNDECLARED_SELECTOR = YES;
				GCC_WARN_UNINITIALIZED_AUTOS = YES_AGGRESSIVE;
				GCC_WARN_UNUSED_FUNCTION = YES;
				GCC_WARN_UNUSED_VARIABLE = YES;
				IPHONEOS_DEPLOYMENT_TARGET = 11.1;
				MTL_ENABLE_DEBUG_INFO = NO;
				SDKROOT = iphoneos;
				SWIFT_OPTIMIZATION_LEVEL = "-Owholemodule";
				VALIDATE_PRODUCT = YES;
			};
			name = Release;
		};
		6A9F962920A41F78002FA2EE /* Debug */ = {
			isa = XCBuildConfiguration;
			baseConfigurationReference = 4B51D229036687E0DA7F5090 /* Pods-AyuAdisti.debug.xcconfig */;
			buildSettings = {
				ASSETCATALOG_COMPILER_APPICON_NAME = AppIcon;
				CLANG_ENABLE_MODULES = YES;
				CODE_SIGN_STYLE = Automatic;
				DEVELOPMENT_TEAM = M9FW7ZKGKV;
				INFOPLIST_FILE = AyuAdisti/Info.plist;
				LD_RUNPATH_SEARCH_PATHS = "$(inherited) @executable_path/Frameworks";
				PRODUCT_BUNDLE_IDENTIFIER = com.letstry.AyuAdisti;
				PRODUCT_NAME = "$(TARGET_NAME)";
				SWIFT_OBJC_BRIDGING_HEADER = "AyuAdisti/Supporting Files/AyuAdisti-Bridging-Header.h";
				SWIFT_OPTIMIZATION_LEVEL = "-Onone";
				SWIFT_VERSION = 4.0;
				TARGETED_DEVICE_FAMILY = "1,2";
			};
			name = Debug;
		};
		6A9F962A20A41F78002FA2EE /* Release */ = {
			isa = XCBuildConfiguration;
			baseConfigurationReference = 48D9614EF45F5F3BD9AD5B3A /* Pods-AyuAdisti.release.xcconfig */;
			buildSettings = {
				ASSETCATALOG_COMPILER_APPICON_NAME = AppIcon;
				CLANG_ENABLE_MODULES = YES;
				CODE_SIGN_STYLE = Automatic;
				DEVELOPMENT_TEAM = M9FW7ZKGKV;
				INFOPLIST_FILE = AyuAdisti/Info.plist;
				LD_RUNPATH_SEARCH_PATHS = "$(inherited) @executable_path/Frameworks";
				PRODUCT_BUNDLE_IDENTIFIER = com.letstry.AyuAdisti;
				PRODUCT_NAME = "$(TARGET_NAME)";
				SWIFT_OBJC_BRIDGING_HEADER = "AyuAdisti/Supporting Files/AyuAdisti-Bridging-Header.h";
				SWIFT_VERSION = 4.0;
				TARGETED_DEVICE_FAMILY = "1,2";
			};
			name = Release;
		};
/* End XCBuildConfiguration section */

/* Begin XCConfigurationList section */
		6A9F961120A41F78002FA2EE /* Build configuration list for PBXProject "AyuAdisti" */ = {
			isa = XCConfigurationList;
			buildConfigurations = (
				6A9F962620A41F78002FA2EE /* Debug */,
				6A9F962720A41F78002FA2EE /* Release */,
			);
			defaultConfigurationIsVisible = 0;
			defaultConfigurationName = Release;
		};
		6A9F962820A41F78002FA2EE /* Build configuration list for PBXNativeTarget "AyuAdisti" */ = {
			isa = XCConfigurationList;
			buildConfigurations = (
				6A9F962920A41F78002FA2EE /* Debug */,
				6A9F962A20A41F78002FA2EE /* Release */,
			);
			defaultConfigurationIsVisible = 0;
			defaultConfigurationName = Release;
		};
/* End XCConfigurationList section */
	};
	rootObject = 6A9F960E20A41F78002FA2EE /* Project object */;
}
